
Microsoft Visual Studio Solution File, Format Version 12.00
# Visual Studio Version 16
VisualStudioVersion = 16.0.30907.101
MinimumVisualStudioVersion = 10.0.40219.1
Project("{FAE04EC0-301F-11D3-BF4B-00C04F79EFBC}") = "ASP", "ASP\ASP.csproj", "{7C1CBEC5-4327-4B77-93A0-3FB4AB2E205D}"
EndProject
Global
	GlobalSection(SolutionConfigurationPlatforms) = preSolution
		Debug|Any CPU = Debug|Any CPU
		Release|Any CPU = Release|Any CPU
	EndGlobalSection
	GlobalSection(ProjectConfigurationPlatforms) = postSolution
		{7C1CBEC5-4327-4B77-93A0-3FB4AB2E205D}.Debug|Any CPU.ActiveCfg = Debug|Any CPU
		{7C1CBEC5-4327-4B77-93A0-3FB4AB2E205D}.Debug|Any CPU.Build.0 = Debug|Any CPU
		{7C1CBEC5-4327-4B77-93A0-3FB4AB2E205D}.Release|Any CPU.ActiveCfg = Release|Any CPU
		{7C1CBEC5-4327-4B77-93A0-3FB4AB2E205D}.Release|Any CPU.Build.0 = Release|Any CPU
	EndGlobalSection
	GlobalSection(SolutionProperties) = preSolution
		HideSolutionNode = FALSE
	EndGlobalSection
	GlobalSection(ExtensibilityGlobals) = postSolution
		SolutionGuid = {EB5ADA05-7503-4CD8-A4EF-F100BFE98505}
	EndGlobalSection
EndGlobal
